
Microsoft Visual Studio Solution File, Format Version 12.00
# Visual Studio 15
VisualStudioVersion = 15.0.27130.2036
MinimumVisualStudioVersion = 10.0.40219.1
Project("{FAE04EC0-301F-11D3-BF4B-00C04F79EFBC}") = "Flight Reservation GUI", "Flight Reservations\Flight Reservation GUI.csproj", "{67377890-3ADC-4FE8-BD78-17443384B186}"
EndProject
Project("{FAE04EC0-301F-11D3-BF4B-00C04F79EFBC}") = "Reservation Library", "Reservation Library\Reservation Library.csproj", "{301D14CD-E38B-4969-8889-2985C4D74A30}"
EndProject
Project("{FAE04EC0-301F-11D3-BF4B-00C04F79EFBC}") = "Test", "Test\Test.csproj", "{96FC21C8-E3F1-4B6D-A68D-E9F4093AB2D5}"
EndProject
Global
	GlobalSection(SolutionConfigurationPlatforms) = preSolution
		Debug|Any CPU = Debug|Any CPU
		Release|Any CPU = Release|Any CPU
	EndGlobalSection
	GlobalSection(ProjectConfigurationPlatforms) = postSolution
		{67377890-3ADC-4FE8-BD78-17443384B186}.Debug|Any CPU.ActiveCfg = Debug|Any CPU
		{67377890-3ADC-4FE8-BD78-17443384B186}.Debug|Any CPU.Build.0 = Debug|Any CPU
		{67377890-3ADC-4FE8-BD78-17443384B186}.Release|Any CPU.ActiveCfg = Release|Any CPU
		{67377890-3ADC-4FE8-BD78-17443384B186}.Release|Any CPU.Build.0 = Release|Any CPU
		{301D14CD-E38B-4969-8889-2985C4D74A30}.Debug|Any CPU.ActiveCfg = Debug|Any CPU
		{301D14CD-E38B-4969-8889-2985C4D74A30}.Debug|Any CPU.Build.0 = Debug|Any CPU
		{301D14CD-E38B-4969-8889-2985C4D74A30}.Release|Any CPU.ActiveCfg = Release|Any CPU
		{301D14CD-E38B-4969-8889-2985C4D74A30}.Release|Any CPU.Build.0 = Release|Any CPU
		{96FC21C8-E3F1-4B6D-A68D-E9F4093AB2D5}.Debug|Any CPU.ActiveCfg = Debug|Any CPU
		{96FC21C8-E3F1-4B6D-A68D-E9F4093AB2D5}.Debug|Any CPU.Build.0 = Debug|Any CPU
		{96FC21C8-E3F1-4B6D-A68D-E9F4093AB2D5}.Release|Any CPU.ActiveCfg = Release|Any CPU
		{96FC21C8-E3F1-4B6D-A68D-E9F4093AB2D5}.Release|Any CPU.Build.0 = Release|Any CPU
	EndGlobalSection
	GlobalSection(SolutionProperties) = preSolution
		HideSolutionNode = FALSE
	EndGlobalSection
	GlobalSection(ExtensibilityGlobals) = postSolution
		SolutionGuid = {4FB3810C-C894-4BFC-AA09-03F3BB6E939E}
	EndGlobalSection
EndGlobal
